// !$*UTF8*$!
{
	archiveVersion = 1;
	classes = {
	};
	objectVersion = 50;
	objects = {

/* Begin PBXBuildFile section */
		FCB67F22243CDBB9005D591D /* AppDelegate.swift in Sources */ = {isa = PBXBuildFile; fileRef = FCB67F21243CDBB9005D591D /* AppDelegate.swift */; };
		FCB67F24243CDBB9005D591D /* SceneDelegate.swift in Sources */ = {isa = PBXBuildFile; fileRef = FCB67F23243CDBB9005D591D /* SceneDelegate.swift */; };
		FCB67F26243CDBB9005D591D /* ViewController.swift in Sources */ = {isa = PBXBuildFile; fileRef = FCB67F25243CDBB9005D591D /* ViewController.swift */; };
		FCB67F29243CDBB9005D591D /* Main.storyboard in Resources */ = {isa = PBXBuildFile; fileRef = FCB67F27243CDBB9005D591D /* Main.storyboard */; };
		FCB67F2B243CDBBA005D591D /* Assets.xcassets in Resources */ = {isa = PBXBuildFile; fileRef = FCB67F2A243CDBBA005D591D /* Assets.xcassets */; };
		FCB67F2E243CDBBA005D591D /* LaunchScreen.storyboard in Resources */ = {isa = PBXBuildFile; fileRef = FCB67F2C243CDBBA005D591D /* LaunchScreen.storyboard */; };
/* End PBXBuildFile section */

/* Begin PBXFileReference section */
		FCB67F1E243CDBB9005D591D /* CurveyWoodWork.app */ = {isa = PBXFileReference; explicitFileType = wrapper.application; includeInIndex = 0; path = CurveyWoodWork.app; sourceTree = BUILT_PRODUCTS_DIR; };
		FCB67F21243CDBB9005D591D /* AppDelegate.swift */ = {isa = PBXFileReference; lastKnownFileType = sourcecode.swift; path = AppDelegate.swift; sourceTree = "<group>"; };
		FCB67F23243CDBB9005D591D /* SceneDelegate.swift */ = {isa = PBXFileReference; lastKnownFileType = sourcecode.swift; path = SceneDelegate.swift; sourceTree = "<group>"; };
		FCB67F25243CDBB9005D591D /* ViewController.swift */ = {isa = PBXFileReference; lastKnownFileType = sourcecode.swift; path = ViewController.swift; sourceTree = "<group>"; };
		FCB67F28243CDBB9005D591D /* Base */ = {isa = PBXFileReference; lastKnownFileType = file.storyboard; name = Base; path = Base.lproj/Main.storyboard; sourceTree = "<group>"; };
		FCB67F2A243CDBBA005D591D /* Assets.xcassets */ = {isa = PBXFileReference; lastKnownFileType = folder.assetcatalog; path = Assets.xcassets; sourceTree = "<group>"; };
		FCB67F2D243CDBBA005D591D /* Base */ = {isa = PBXFileReference; lastKnownFileType = file.storyboard; name = Base; path = Base.lproj/LaunchScreen.storyboard; sourceTree = "<group>"; };
		FCB67F2F243CDBBA005D591D /* Info.plist */ = {isa = PBXFileReference; lastKnownFileType = text.plist.xml; path = Info.plist; sourceTree = "<group>"; };
/* End PBXFileReference section */

/* Begin PBXFrameworksBuildPhase section */
		FCB67F1B243CDBB9005D591D /* Frameworks */ = {
			isa = PBXFrameworksBuildPhase;
			buildActionMask = 2147483647;
			files = (
			);
			runOnlyForDeploymentPostprocessing = 0;
		};
/* End PBXFrameworksBuildPhase section */

/* Begin PBXGroup section */
		FCB67F15243CDBB9005D591D = {
			isa = PBXGroup;
			children = (
				FCB67F20243CDBB9005D591D /* CurveyWoodWork */,
				FCB67F1F243CDBB9005D591D /* Products */,
			);
			sourceTree = "<group>";
		};
		FCB67F1F243CDBB9005D591D /* Products */ = {
			isa = PBXGroup;
			children = (
				FCB67F1E243CDBB9005D591D /* CurveyWoodWork.app */,
			);
			name = Products;
			sourceTree = "<group>";
		};
		FCB67F20243CDBB9005D591D /* CurveyWoodWork */ = {
			isa = PBXGroup;
			children = (
				FCB67F21243CDBB9005D591D /* AppDelegate.swift */,
				FCB67F23243CDBB9005D591D /* SceneDelegate.swift */,
				FCB67F25243CDBB9005D591D /* ViewController.swift */,
				FCB67F27243CDBB9005D591D /* Main.storyboard */,
				FCB67F2A243CDBBA005D591D /* Assets.xcassets */,
				FCB67F2C243CDBBA005D591D /* LaunchScreen.storyboard */,
				FCB67F2F243CDBBA005D591D /* Info.plist */,
			);
			path = CurveyWoodWork;
			sourceTree = "<group>";
		};
/* End PBXGroup section */

/* Begin PBXNativeTarget section */
		FCB67F1D243CDBB9005D591D /* CurveyWoodWork */ = {
			isa = PBXNativeTarget;
			buildConfigurationList = FCB67F32243CDBBA005D591D /* Build configuration list for PBXNativeTarget "CurveyWoodWork" */;
			buildPhases = (
				FCB67F1A243CDBB9005D591D /* Sources */,
				FCB67F1B243CDBB9005D591D /* Frameworks */,
				FCB67F1C243CDBB9005D591D /* Resources */,
			);
			buildRules = (
			);
			dependencies = (
			);
			name = CurveyWoodWork;
			productName = CurveyWoodWork;
			productReference = FCB67F1E243CDBB9005D591D /* CurveyWoodWork.app */;
			productType = "com.apple.product-type.application";
		};
/* End PBXNativeTarget section */

/* Begin PBXProject section */
		FCB67F16243CDBB9005D591D /* Project object */ = {
			isa = PBXProject;
			attributes = {
				LastSwiftUpdateCheck = 1130;
				LastUpgradeCheck = 1130;
				ORGANIZATIONNAME = "Kevin Smith";
				TargetAttributes = {
					FCB67F1D243CDBB9005D591D = {
						CreatedOnToolsVersion = 11.3.1;
					};
				};
			};
			buildConfigurationList = FCB67F19243CDBB9005D591D /* Build configuration list for PBXProject "CurveyWoodWork" */;
			compatibilityVersion = "Xcode 9.3";
			developmentRegion = en;
			hasScannedForEncodings = 0;
			knownRegions = (
				en,
				Base,
			);
			mainGroup = FCB67F15243CDBB9005D591D;
			productRefGroup = FCB67F1F243CDBB9005D591D /* Products */;
			projectDirPath = "";
			projectRoot = "";
			targets = (
				FCB67F1D243CDBB9005D591D /* CurveyWoodWork */,
			);
		};
/* End PBXProject section */

/* Begin PBXResourcesBuildPhase section */
		FCB67F1C243CDBB9005D591D /* Resources */ = {
			isa = PBXResourcesBuildPhase;
			buildActionMask = 2147483647;
			files = (
				FCB67F2E243CDBBA005D591D /* LaunchScreen.storyboard in Resources */,
				FCB67F2B243CDBBA005D591D /* Assets.xcassets in Resources */,
				FCB67F29243CDBB9005D591D /* Main.storyboard in Resources */,
			);
			runOnlyForDeploymentPostprocessing = 0;
		};
/* End PBXResourcesBuildPhase section */

/* Begin PBXSourcesBuildPhase section */
		FCB67F1A243CDBB9005D591D /* Sources */ = {
			isa = PBXSourcesBuildPhase;
			buildActionMask = 2147483647;
			files = (
				FCB67F26243CDBB9005D591D /* ViewController.swift in Sources */,
				FCB67F22243CDBB9005D591D /* AppDelegate.swift in Sources */,
				FCB67F24243CDBB9005D591D /* SceneDelegate.swift in Sources */,
			);
			runOnlyForDeploymentPostprocessing = 0;
		};
/* End PBXSourcesBuildPhase section */

/* Begin PBXVariantGroup section */
		FCB67F27243CDBB9005D591D /* Main.storyboard */ = {
			isa = PBXVariantGroup;
			children = (
				FCB67F28243CDBB9005D591D /* Base */,
			);
			name = Main.storyboard;
			sourceTree = "<group>";
		};
		FCB67F2C243CDBBA005D591D /* LaunchScreen.storyboard */ = {
			isa = PBXVariantGroup;
			children = (
				FCB67F2D243CDBBA005D591D /* Base */,
			);
			name = LaunchScreen.storyboard;
			sourceTree = "<group>";
		};
/* End PBXVariantGroup section */

/* Begin XCBuildConfiguration section */
		FCB67F30243CDBBA005D591D /* Debug */ = {
			isa = XCBuildConfiguration;
			buildSettings = {
				ALWAYS_SEARCH_USER_PATHS = NO;
				CLANG_ANALYZER_NONNULL = YES;
				CLANG_ANALYZER_NUMBER_OBJECT_CONVERSION = YES_AGGRESSIVE;
				CLANG_CXX_LANGUAGE_STANDARD = "gnu++14";
				CLANG_CXX_LIBRARY = "libc++";
				CLANG_ENABLE_MODULES = YES;
				CLANG_ENABLE_OBJC_ARC = YES;
				CLANG_ENABLE_OBJC_WEAK = YES;
				CLANG_WARN_BLOCK_CAPTURE_AUTORELEASING = YES;
				CLANG_WARN_BOOL_CONVERSION = YES;
				CLANG_WARN_COMMA = YES;
				CLANG_WARN_CONSTANT_CONVERSION = YES;
				CLANG_WARN_DEPRECATED_OBJC_IMPLEMENTATIONS = YES;
				CLANG_WARN_DIRECT_OBJC_ISA_USAGE = YES_ERROR;
				CLANG_WARN_DOCUMENTATION_COMMENTS = YES;
				CLANG_WARN_EMPTY_BODY = YES;
				CLANG_WARN_ENUM_CONVERSION = YES;
				CLANG_WARN_INFINITE_RECURSION = YES;
				CLANG_WARN_INT_CONVERSION = YES;
				CLANG_WARN_NON_LITERAL_NULL_CONVERSION = YES;
				CLANG_WARN_OBJC_IMPLICIT_RETAIN_SELF = YES;
				CLANG_WARN_OBJC_LITERAL_CONVERSION = YES;
				CLANG_WARN_OBJC_ROOT_CLASS = YES_ERROR;
				CLANG_WARN_RANGE_LOOP_ANALYSIS = YES;
				CLANG_WARN_STRICT_PROTOTYPES = YES;
				CLANG_WARN_SUSPICIOUS_MOVE = YES;
				CLANG_WARN_UNGUARDED_AVAILABILITY = YES_AGGRESSIVE;
				CLANG_WARN_UNREACHABLE_CODE = YES;
				CLANG_WARN__DUPLICATE_METHOD_MATCH = YES;
				COPY_PHASE_STRIP = NO;
				DEBUG_INFORMATION_FORMAT = dwarf;
				ENABLE_STRICT_OBJC_MSGSEND = YES;
				ENABLE_TESTABILITY = YES;
				GCC_C_LANGUAGE_STANDARD = gnu11;
				GCC_DYNAMIC_NO_PIC = NO;
				GCC_NO_COMMON_BLOCKS = YES;
				GCC_OPTIMIZATION_LEVEL = 0;
				GCC_PREPROCESSOR_DEFINITIONS = (
					"DEBUG=1",
					"$(inherited)",
				);
				GCC_WARN_64_TO_32_BIT_CONVERSION = YES;
				GCC_WARN_ABOUT_RETURN_TYPE = YES_ERROR;
				GCC_WARN_UNDECLARED_SELECTOR = YES;
				GCC_WARN_UNINITIALIZED_AUTOS = YES_AGGRESSIVE;
				GCC_WARN_UNUSED_FUNCTION = YES;
				GCC_WARN_UNUSED_VARIABLE = YES;
				IPHONEOS_DEPLOYMENT_TARGET = 13.2;
				MTL_ENABLE_DEBUG_INFO = INCLUDE_SOURCE;
				MTL_FAST_MATH = YES;
				ONLY_ACTIVE_ARCH = YES;
				SDKROOT = iphoneos;
				SWIFT_ACTIVE_COMPILATION_CONDITIONS = DEBUG;
				SWIFT_OPTIMIZATION_LEVEL = "-Onone";
			};
			name = Debug;
		};
		FCB67F31243CDBBA005D591D /* Release */ = {
			isa = XCBuildConfiguration;
			buildSettings = {
				ALWAYS_SEARCH_USER_PATHS = NO;
				CLANG_ANALYZER_NONNULL = YES;
				CLANG_ANALYZER_NUMBER_OBJECT_CONVERSION = YES_AGGRESSIVE;
				CLANG_CXX_LANGUAGE_STANDARD = "gnu++14";
				CLANG_CXX_LIBRARY = "libc++";
				CLANG_ENABLE_MODULES = YES;
				CLANG_ENABLE_OBJC_ARC = YES;
				CLANG_ENABLE_OBJC_WEAK = YES;
				CLANG_WARN_BLOCK_CAPTURE_AUTORELEASING = YES;
				CLANG_WARN_BOOL_CONVERSION = YES;
				CLANG_WARN_COMMA = YES;
				CLANG_WARN_CONSTANT_CONVERSION = YES;
				CLANG_WARN_DEPRECATED_OBJC_IMPLEMENTATIONS = YES;
				CLANG_WARN_DIRECT_OBJC_ISA_USAGE = YES_ERROR;
				CLANG_WARN_DOCUMENTATION_COMMENTS = YES;
				CLANG_WARN_EMPTY_BODY = YES;
				CLANG_WARN_ENUM_CONVERSION = YES;
				CLANG_WARN_INFINITE_RECURSION = YES;
				CLANG_WARN_INT_CONVERSION = YES;
				CLANG_WARN_NON_LITERAL_NULL_CONVERSION = YES;
				CLANG_WARN_OBJC_IMPLICIT_RETAIN_SELF = YES;
				CLANG_WARN_OBJC_LITERAL_CONVERSION = YES;
				CLANG_WARN_OBJC_ROOT_CLASS = YES_ERROR;
				CLANG_WARN_RANGE_LOOP_ANALYSIS = YES;
				CLANG_WARN_STRICT_PROTOTYPES = YES;
				CLANG_WARN_SUSPICIOUS_MOVE = YES;
				CLANG_WARN_UNGUARDED_AVAILABILITY = YES_AGGRESSIVE;
				CLANG_WARN_UNREACHABLE_CODE = YES;
				CLANG_WARN__DUPLICATE_METHOD_MATCH = YES;
				COPY_PHASE_STRIP = NO;
				DEBUG_INFORMATION_FORMAT = "dwarf-with-dsym";
				ENABLE_NS_ASSERTIONS = NO;
				ENABLE_STRICT_OBJC_MSGSEND = YES;
				GCC_C_LANGUAGE_STANDARD = gnu11;
				GCC_NO_COMMON_BLOCKS = YES;
				GCC_WARN_64_TO_32_BIT_CONVERSION = YES;
				GCC_WARN_ABOUT_RETURN_TYPE = YES_ERROR;
				GCC_WARN_UNDECLARED_SELECTOR = YES;
				GCC_WARN_UNINITIALIZED_AUTOS = YES_AGGRESSIVE;
				GCC_WARN_UNUSED_FUNCTION = YES;
				GCC_WARN_UNUSED_VARIABLE = YES;
				IPHONEOS_DEPLOYMENT_TARGET = 13.2;
				MTL_ENABLE_DEBUG_INFO = NO;
				MTL_FAST_MATH = YES;
				SDKROOT = iphoneos;
				SWIFT_COMPILATION_MODE = wholemodule;
				SWIFT_OPTIMIZATION_LEVEL = "-O";
				VALIDATE_PRODUCT = YES;
			};
			name = Release;
		};
		FCB67F33243CDBBA005D591D /* Debug */ = {
			isa = XCBuildConfiguration;
			buildSettings = {
				ASSETCATALOG_COMPILER_APPICON_NAME = AppIcon;
				CODE_SIGN_STYLE = Automatic;
				DEVELOPMENT_TEAM = W3YL9WH5N9;
				INFOPLIST_FILE = CurveyWoodWork/Info.plist;
				LD_RUNPATH_SEARCH_PATHS = (
					"$(inherited)",
					"@executable_path/Frameworks",
				);
				PRODUCT_BUNDLE_IDENTIFIER = com.ksmithmedia.CurveyWoodWork;
				PRODUCT_NAME = "$(TARGET_NAME)";
				SWIFT_VERSION = 5.0;
				TARGETED_DEVICE_FAMILY = "1,2";
			};
			name = Debug;
		};
		FCB67F34243CDBBA005D591D /* Release */ = {
			isa = XCBuildConfiguration;
			buildSettings = {
				ASSETCATALOG_COMPILER_APPICON_NAME = AppIcon;
				CODE_SIGN_STYLE = Automatic;
				DEVELOPMENT_TEAM = W3YL9WH5N9;
				INFOPLIST_FILE = CurveyWoodWork/Info.plist;
				LD_RUNPATH_SEARCH_PATHS = (
					"$(inherited)",
					"@executable_path/Frameworks",
				);
				PRODUCT_BUNDLE_IDENTIFIER = com.ksmithmedia.CurveyWoodWork;
				PRODUCT_NAME = "$(TARGET_NAME)";
				SWIFT_VERSION = 5.0;
				TARGETED_DEVICE_FAMILY = "1,2";
			};
			name = Release;
		};
/* End XCBuildConfiguration section */

/* Begin XCConfigurationList section */
		FCB67F19243CDBB9005D591D /* Build configuration list for PBXProject "CurveyWoodWork" */ = {
			isa = XCConfigurationList;
			buildConfigurations = (
				FCB67F30243CDBBA005D591D /* Debug */,
				FCB67F31243CDBBA005D591D /* Release */,
			);
			defaultConfigurationIsVisible = 0;
			defaultConfigurationName = Release;
		};
		FCB67F32243CDBBA005D591D /* Build configuration list for PBXNativeTarget "CurveyWoodWork" */ = {
			isa = XCConfigurationList;
			buildConfigurations = (
				FCB67F33243CDBBA005D591D /* Debug */,
				FCB67F34243CDBBA005D591D /* Release */,
			);
			defaultConfigurationIsVisible = 0;
			defaultConfigurationName = Release;
		};
/* End XCConfigurationList section */
	};
	rootObject = FCB67F16243CDBB9005D591D /* Project object */;
}
